# THIS IS AN AUTOGENERATED FILE. DO NOT EDIT THIS FILE DIRECTLY.
# yarn lockfile v1


ansi@~0.3.0:
  version "0.3.1"
  resolved "https://registry.yarnpkg.com/ansi/-/ansi-0.3.1.tgz#0c42d4fb17160d5a9af1e484bace1c66922c1b21"

lodash@^2.4.1:
  version "2.4.2"
  resolved "https://registry.yarnpkg.com/lodash/-/lodash-2.4.2.tgz#fadd834b9683073da179b3eae6d9c0d15053f73e"

npmlog@^0.1.1:
  version "0.1.1"
  resolved "https://registry.yarnpkg.com/npmlog/-/npmlog-0.1.1.tgz#8b9b9e4405d7ec48c31c2346965aadc7abaecaa5"
  dependencies:
    ansi "~0.3.0"
